// !$*UTF8*$!
{
	archiveVersion = 1;
	classes = {
	};
	objectVersion = 46;
	objects = {

/* Begin PBXBuildFile section */
		5D2AC47918C2C1D300847793 /* Scales.mm in Sources */ = {isa = PBXBuildFile; fileRef = 5D2AC47818C2C1D300847793 /* Scales.mm */; };
		5D2F3B2318C6AB56001E1923 /* Physics.mm in Sources */ = {isa = PBXBuildFile; fileRef = 5D2F3B2218C6AB56001E1923 /* Physics.mm */; };
		5D4662E318BECB5E00DA6000 /* CoreMotion.framework in Frameworks */ = {isa = PBXBuildFile; fileRef = 5D4662E218BECB5E00DA6000 /* CoreMotion.framework */; };
		5D4662E518BECB6700DA6000 /* GLKit.framework in Frameworks */ = {isa = PBXBuildFile; fileRef = 5D4662E418BECB6700DA6000 /* GLKit.framework */; };
		5D4662E718BECB7000DA6000 /* OpenGLES.framework in Frameworks */ = {isa = PBXBuildFile; fileRef = 5D4662E618BECB7000DA6000 /* OpenGLES.framework */; };
		5D4662E918BECB7D00DA6000 /* AudioToolbox.framework in Frameworks */ = {isa = PBXBuildFile; fileRef = 5D4662E818BECB7D00DA6000 /* AudioToolbox.framework */; };
		5D4662EC18BECC4000DA6000 /* RunnerViewController.mm in Sources */ = {isa = PBXBuildFile; fileRef = 5D4662EB18BECC4000DA6000 /* RunnerViewController.mm */; };
		5D4662EF18BECD0B00DA6000 /* SettingsViewController.mm in Sources */ = {isa = PBXBuildFile; fileRef = 5D4662EE18BECD0B00DA6000 /* SettingsViewController.mm */; };
		5D69C66B18BED3B9006F0951 /* mo_audio.mm in Sources */ = {isa = PBXBuildFile; fileRef = 5D69C65B18BED3B9006F0951 /* mo_audio.mm */; };
		5D69C66C18BED3B9006F0951 /* mo_buffer.mm in Sources */ = {isa = PBXBuildFile; fileRef = 5D69C65D18BED3B9006F0951 /* mo_buffer.mm */; };
		5D69C66D18BED3B9006F0951 /* mo_fft.mm in Sources */ = {isa = PBXBuildFile; fileRef = 5D69C66018BED3B9006F0951 /* mo_fft.mm */; };
		5D69C66E18BED3B9006F0951 /* mo_fun.cpp in Sources */ = {isa = PBXBuildFile; fileRef = 5D69C66118BED3B9006F0951 /* mo_fun.cpp */; };
		5D69C66F18BED3B9006F0951 /* mo_gfx.mm in Sources */ = {isa = PBXBuildFile; fileRef = 5D69C66418BED3B9006F0951 /* mo_gfx.mm */; };
		5D69C67018BED3B9006F0951 /* mo_glut.cpp in Sources */ = {isa = PBXBuildFile; fileRef = 5D69C66518BED3B9006F0951 /* mo_glut.cpp */; };
		5D69C67118BED3B9006F0951 /* mo_thread.mm in Sources */ = {isa = PBXBuildFile; fileRef = 5D69C66818BED3B9006F0951 /* mo_thread.mm */; };
		5D69C67218BED3B9006F0951 /* mo_touch.mm in Sources */ = {isa = PBXBuildFile; fileRef = 5D69C66A18BED3B9006F0951 /* mo_touch.mm */; };
		5D69C67618BED3C4006F0951 /* renderer.mm in Sources */ = {isa = PBXBuildFile; fileRef = 5D69C67518BED3C4006F0951 /* renderer.mm */; };
		5D69C67918BED5BB006F0951 /* Entity.mm in Sources */ = {isa = PBXBuildFile; fileRef = 5D69C67818BED5BB006F0951 /* Entity.mm */; };
		5D69C67C18BEFDCD006F0951 /* Globals.mm in Sources */ = {isa = PBXBuildFile; fileRef = 5D69C67A18BEFDCD006F0951 /* Globals.mm */; };
		5D73EA6018D81EF300E20577 /* GeneralUser_GS_1.43.ins in Resources */ = {isa = PBXBuildFile; fileRef = 5D73EA5F18D81EF300E20577 /* GeneralUser_GS_1.43.ins */; };
		5D73EA6318D823B700E20577 /* Instrument.m in Sources */ = {isa = PBXBuildFile; fileRef = 5D73EA6218D823B700E20577 /* Instrument.m */; };
		5D73EA6618D8242B00E20577 /* AllSounds.m in Sources */ = {isa = PBXBuildFile; fileRef = 5D73EA6518D8242B00E20577 /* AllSounds.m */; };
		5DDBF19B18BF287600C9220A /* flare-tng-3.png in Resources */ = {isa = PBXBuildFile; fileRef = 5DDBF19A18BF287600C9220A /* flare-tng-3.png */; };
		5DDBF19F18BF2A0400C9220A /* flare-tng-1.png in Resources */ = {isa = PBXBuildFile; fileRef = 5DDBF19C18BF2A0400C9220A /* flare-tng-1.png */; };
		5DDBF1A018BF2A0400C9220A /* flare-tng-2.png in Resources */ = {isa = PBXBuildFile; fileRef = 5DDBF19D18BF2A0400C9220A /* flare-tng-2.png */; };
		5DDBF1A118BF2A0400C9220A /* flare-tng-4.png in Resources */ = {isa = PBXBuildFile; fileRef = 5DDBF19E18BF2A0400C9220A /* flare-tng-4.png */; };
		5DDBF1BE18BFC1D000C9220A /* GeneralUser_GS_FluidSynth_v1.sf2 in Resources */ = {isa = PBXBuildFile; fileRef = 5DDBF1BD18BFC1D000C9220A /* GeneralUser_GS_FluidSynth_v1.sf2 */; };
		920EF04D18C2B039000BC189 /* SoundRunnerUtil.m in Sources */ = {isa = PBXBuildFile; fileRef = 920EF04C18C2B039000BC189 /* SoundRunnerUtil.m */; };
		924BC0EF18D7AD810090513A /* OtherPlayer.mm in Sources */ = {isa = PBXBuildFile; fileRef = 92B953E318D76E3900783356 /* OtherPlayer.mm */; };
		924BC0F018D7ADB10090513A /* LoginViewController.m in Sources */ = {isa = PBXBuildFile; fileRef = 92B953E618D7706B00783356 /* LoginViewController.m */; };
		9251D1AD18BD638E00FA09DB /* Foundation.framework in Frameworks */ = {isa = PBXBuildFile; fileRef = 9251D1AC18BD638E00FA09DB /* Foundation.framework */; };
		9251D1AF18BD638E00FA09DB /* CoreGraphics.framework in Frameworks */ = {isa = PBXBuildFile; fileRef = 9251D1AE18BD638E00FA09DB /* CoreGraphics.framework */; };
		9251D1B118BD638E00FA09DB /* UIKit.framework in Frameworks */ = {isa = PBXBuildFile; fileRef = 9251D1B018BD638E00FA09DB /* UIKit.framework */; };
		9251D1B718BD638E00FA09DB /* InfoPlist.strings in Resources */ = {isa = PBXBuildFile; fileRef = 9251D1B518BD638E00FA09DB /* InfoPlist.strings */; };
		9251D1B918BD638E00FA09DB /* main.m in Sources */ = {isa = PBXBuildFile; fileRef = 9251D1B818BD638E00FA09DB /* main.m */; };
		9251D1BD18BD638E00FA09DB /* AppDelegate.mm in Sources */ = {isa = PBXBuildFile; fileRef = 9251D1BC18BD638E00FA09DB /* AppDelegate.mm */; };
		9251D1C018BD638E00FA09DB /* Main_iPhone.storyboard in Resources */ = {isa = PBXBuildFile; fileRef = 9251D1BE18BD638E00FA09DB /* Main_iPhone.storyboard */; };
		9251D1C518BD638E00FA09DB /* Images.xcassets in Resources */ = {isa = PBXBuildFile; fileRef = 9251D1C418BD638E00FA09DB /* Images.xcassets */; };
		9251D1CC18BD638E00FA09DB /* XCTest.framework in Frameworks */ = {isa = PBXBuildFile; fileRef = 9251D1CB18BD638E00FA09DB /* XCTest.framework */; };
		9251D1CD18BD638E00FA09DB /* Foundation.framework in Frameworks */ = {isa = PBXBuildFile; fileRef = 9251D1AC18BD638E00FA09DB /* Foundation.framework */; };
		9251D1CE18BD638E00FA09DB /* UIKit.framework in Frameworks */ = {isa = PBXBuildFile; fileRef = 9251D1B018BD638E00FA09DB /* UIKit.framework */; };
		9251D1D618BD638E00FA09DB /* InfoPlist.strings in Resources */ = {isa = PBXBuildFile; fileRef = 9251D1D418BD638E00FA09DB /* InfoPlist.strings */; };
		9251D1D818BD638E00FA09DB /* SoundRunnerTests.m in Sources */ = {isa = PBXBuildFile; fileRef = 9251D1D718BD638E00FA09DB /* SoundRunnerTests.m */; };
		9254820318D823CA007146B0 /* Drummer.m in Sources */ = {isa = PBXBuildFile; fileRef = 9254820218D823CA007146B0 /* Drummer.m */; };
		92577AF318CE82C800391E98 /* GCDAsyncSocket.m in Sources */ = {isa = PBXBuildFile; fileRef = 92577AF018CE82C800391E98 /* GCDAsyncSocket.m */; };
		92577AF418CE82C800391E98 /* GCDAsyncUdpSocket.m in Sources */ = {isa = PBXBuildFile; fileRef = 92577AF218CE82C800391E98 /* GCDAsyncUdpSocket.m */; };
		92577AF818CE82EF00391E98 /* NetworkManager.mm in Sources */ = {isa = PBXBuildFile; fileRef = 92577AF718CE82EF00391E98 /* NetworkManager.mm */; };
		92BEABB218C6B4EE0032C458 /* flare-tng-5.png in Resources */ = {isa = PBXBuildFile; fileRef = 92BEABB118C6B4EE0032C458 /* flare-tng-5.png */; };
		92BEABB518C9210C0032C458 /* Scale.m in Sources */ = {isa = PBXBuildFile; fileRef = 92BEABB418C9210C0032C458 /* Scale.m */; };
		92BEABB818C9308A0032C458 /* SoundGen.m in Sources */ = {isa = PBXBuildFile; fileRef = 92BEABB718C9308A0032C458 /* SoundGen.m */; };
/* End PBXBuildFile section */

/* Begin PBXContainerItemProxy section */
		9251D1CF18BD638E00FA09DB /* PBXContainerItemProxy */ = {
			isa = PBXContainerItemProxy;
			containerPortal = 9251D1A118BD638E00FA09DB /* Project object */;
			proxyType = 1;
			remoteGlobalIDString = 9251D1A818BD638E00FA09DB;
			remoteInfo = SoundRunner;
		};
/* End PBXContainerItemProxy section */

/* Begin PBXFileReference section */
		5D2AC47118C2994500847793 /* flare-tng-1.bw */ = {isa = PBXFileReference; lastKnownFileType = file; path = "flare-tng-1.bw"; sourceTree = "<group>"; };
		5D2AC47218C2994500847793 /* flare-tng-2.bw */ = {isa = PBXFileReference; lastKnownFileType = file; path = "flare-tng-2.bw"; sourceTree = "<group>"; };
		5D2AC47318C2994500847793 /* flare-tng-3.bw */ = {isa = PBXFileReference; lastKnownFileType = file; path = "flare-tng-3.bw"; sourceTree = "<group>"; };
		5D2AC47418C2994500847793 /* flare-tng-4.bw */ = {isa = PBXFileReference; lastKnownFileType = file; path = "flare-tng-4.bw"; sourceTree = "<group>"; };
		5D2AC47718C2C1D300847793 /* Scales.h */ = {isa = PBXFileReference; fileEncoding = 4; lastKnownFileType = sourcecode.c.h; path = Scales.h; sourceTree = "<group>"; };
		5D2AC47818C2C1D300847793 /* Scales.mm */ = {isa = PBXFileReference; fileEncoding = 4; lastKnownFileType = sourcecode.cpp.objcpp; path = Scales.mm; sourceTree = "<group>"; };
		5D2F3B2118C6AB56001E1923 /* Physics.h */ = {isa = PBXFileReference; fileEncoding = 4; lastKnownFileType = sourcecode.c.h; path = Physics.h; sourceTree = "<group>"; };
		5D2F3B2218C6AB56001E1923 /* Physics.mm */ = {isa = PBXFileReference; fileEncoding = 4; lastKnownFileType = sourcecode.cpp.objcpp; path = Physics.mm; sourceTree = "<group>"; };
		5D4662E218BECB5E00DA6000 /* CoreMotion.framework */ = {isa = PBXFileReference; lastKnownFileType = wrapper.framework; name = CoreMotion.framework; path = System/Library/Frameworks/CoreMotion.framework; sourceTree = SDKROOT; };
		5D4662E418BECB6700DA6000 /* GLKit.framework */ = {isa = PBXFileReference; lastKnownFileType = wrapper.framework; name = GLKit.framework; path = System/Library/Frameworks/GLKit.framework; sourceTree = SDKROOT; };
		5D4662E618BECB7000DA6000 /* OpenGLES.framework */ = {isa = PBXFileReference; lastKnownFileType = wrapper.framework; name = OpenGLES.framework; path = System/Library/Frameworks/OpenGLES.framework; sourceTree = SDKROOT; };
		5D4662E818BECB7D00DA6000 /* AudioToolbox.framework */ = {isa = PBXFileReference; lastKnownFileType = wrapper.framework; name = AudioToolbox.framework; path = System/Library/Frameworks/AudioToolbox.framework; sourceTree = SDKROOT; };
		5D4662EA18BECC4000DA6000 /* RunnerViewController.h */ = {isa = PBXFileReference; fileEncoding = 4; lastKnownFileType = sourcecode.c.h; path = RunnerViewController.h; sourceTree = "<group>"; };
		5D4662EB18BECC4000DA6000 /* RunnerViewController.mm */ = {isa = PBXFileReference; fileEncoding = 4; lastKnownFileType = sourcecode.cpp.objcpp; path = RunnerViewController.mm; sourceTree = "<group>"; };
		5D4662ED18BECD0B00DA6000 /* SettingsViewController.h */ = {isa = PBXFileReference; fileEncoding = 4; lastKnownFileType = sourcecode.c.h; path = SettingsViewController.h; sourceTree = "<group>"; };
		5D4662EE18BECD0B00DA6000 /* SettingsViewController.mm */ = {isa = PBXFileReference; fileEncoding = 4; lastKnownFileType = sourcecode.cpp.objcpp; path = SettingsViewController.mm; sourceTree = "<group>"; };
		5D69C65A18BED3B9006F0951 /* mo_audio.h */ = {isa = PBXFileReference; fileEncoding = 4; lastKnownFileType = sourcecode.c.h; path = mo_audio.h; sourceTree = "<group>"; };
		5D69C65B18BED3B9006F0951 /* mo_audio.mm */ = {isa = PBXFileReference; fileEncoding = 4; lastKnownFileType = sourcecode.cpp.objcpp; path = mo_audio.mm; sourceTree = "<group>"; };
		5D69C65C18BED3B9006F0951 /* mo_buffer.h */ = {isa = PBXFileReference; fileEncoding = 4; lastKnownFileType = sourcecode.c.h; path = mo_buffer.h; sourceTree = "<group>"; };
		5D69C65D18BED3B9006F0951 /* mo_buffer.mm */ = {isa = PBXFileReference; fileEncoding = 4; lastKnownFileType = sourcecode.cpp.objcpp; path = mo_buffer.mm; sourceTree = "<group>"; };
		5D69C65E18BED3B9006F0951 /* mo_def.h */ = {isa = PBXFileReference; fileEncoding = 4; lastKnownFileType = sourcecode.c.h; path = mo_def.h; sourceTree = "<group>"; };
		5D69C65F18BED3B9006F0951 /* mo_fft.h */ = {isa = PBXFileReference; fileEncoding = 4; lastKnownFileType = sourcecode.c.h; path = mo_fft.h; sourceTree = "<group>"; };
		5D69C66018BED3B9006F0951 /* mo_fft.mm */ = {isa = PBXFileReference; fileEncoding = 4; lastKnownFileType = sourcecode.cpp.objcpp; path = mo_fft.mm; sourceTree = "<group>"; };
		5D69C66118BED3B9006F0951 /* mo_fun.cpp */ = {isa = PBXFileReference; fileEncoding = 4; lastKnownFileType = sourcecode.cpp.cpp; path = mo_fun.cpp; sourceTree = "<group>"; };
		5D69C66218BED3B9006F0951 /* mo_fun.h */ = {isa = PBXFileReference; fileEncoding = 4; lastKnownFileType = sourcecode.c.h; path = mo_fun.h; sourceTree = "<group>"; };
		5D69C66318BED3B9006F0951 /* mo_gfx.h */ = {isa = PBXFileReference; fileEncoding = 4; lastKnownFileType = sourcecode.c.h; path = mo_gfx.h; sourceTree = "<group>"; };
		5D69C66418BED3B9006F0951 /* mo_gfx.mm */ = {isa = PBXFileReference; fileEncoding = 4; lastKnownFileType = sourcecode.cpp.objcpp; path = mo_gfx.mm; sourceTree = "<group>"; };
		5D69C66518BED3B9006F0951 /* mo_glut.cpp */ = {isa = PBXFileReference; fileEncoding = 4; lastKnownFileType = sourcecode.cpp.cpp; path = mo_glut.cpp; sourceTree = "<group>"; };
		5D69C66618BED3B9006F0951 /* mo_glut.h */ = {isa = PBXFileReference; fileEncoding = 4; lastKnownFileType = sourcecode.c.h; path = mo_glut.h; sourceTree = "<group>"; };
		5D69C66718BED3B9006F0951 /* mo_thread.h */ = {isa = PBXFileReference; fileEncoding = 4; lastKnownFileType = sourcecode.c.h; path = mo_thread.h; sourceTree = "<group>"; };
		5D69C66818BED3B9006F0951 /* mo_thread.mm */ = {isa = PBXFileReference; fileEncoding = 4; lastKnownFileType = sourcecode.cpp.objcpp; path = mo_thread.mm; sourceTree = "<group>"; };
		5D69C66918BED3B9006F0951 /* mo_touch.h */ = {isa = PBXFileReference; fileEncoding = 4; lastKnownFileType = sourcecode.c.h; path = mo_touch.h; sourceTree = "<group>"; };
		5D69C66A18BED3B9006F0951 /* mo_touch.mm */ = {isa = PBXFileReference; fileEncoding = 4; lastKnownFileType = sourcecode.cpp.objcpp; path = mo_touch.mm; sourceTree = "<group>"; };
		5D69C67418BED3C4006F0951 /* renderer.h */ = {isa = PBXFileReference; fileEncoding = 4; lastKnownFileType = sourcecode.c.h; path = renderer.h; sourceTree = "<group>"; };
		5D69C67518BED3C4006F0951 /* renderer.mm */ = {isa = PBXFileReference; fileEncoding = 4; lastKnownFileType = sourcecode.cpp.objcpp; path = renderer.mm; sourceTree = "<group>"; };
		5D69C67718BED5BB006F0951 /* Entity.h */ = {isa = PBXFileReference; fileEncoding = 4; lastKnownFileType = sourcecode.c.h; path = Entity.h; sourceTree = "<group>"; };
		5D69C67818BED5BB006F0951 /* Entity.mm */ = {isa = PBXFileReference; fileEncoding = 4; lastKnownFileType = sourcecode.cpp.objcpp; path = Entity.mm; sourceTree = "<group>"; };
		5D69C67A18BEFDCD006F0951 /* Globals.mm */ = {isa = PBXFileReference; fileEncoding = 4; lastKnownFileType = sourcecode.cpp.objcpp; path = Globals.mm; sourceTree = "<group>"; };
		5D69C67B18BEFDCD006F0951 /* Globals.h */ = {isa = PBXFileReference; fileEncoding = 4; lastKnownFileType = sourcecode.c.h; path = Globals.h; sourceTree = "<group>"; };
		5D73EA5F18D81EF300E20577 /* GeneralUser_GS_1.43.ins */ = {isa = PBXFileReference; fileEncoding = 4; lastKnownFileType = text; path = GeneralUser_GS_1.43.ins; sourceTree = "<group>"; };
		5D73EA6118D823B700E20577 /* Instrument.h */ = {isa = PBXFileReference; fileEncoding = 4; lastKnownFileType = sourcecode.c.h; path = Instrument.h; sourceTree = "<group>"; };
		5D73EA6218D823B700E20577 /* Instrument.m */ = {isa = PBXFileReference; fileEncoding = 4; lastKnownFileType = sourcecode.c.objc; path = Instrument.m; sourceTree = "<group>"; };
		5D73EA6418D8242B00E20577 /* AllSounds.h */ = {isa = PBXFileReference; fileEncoding = 4; lastKnownFileType = sourcecode.c.h; path = AllSounds.h; sourceTree = "<group>"; };
		5D73EA6518D8242B00E20577 /* AllSounds.m */ = {isa = PBXFileReference; fileEncoding = 4; lastKnownFileType = sourcecode.c.objc; path = AllSounds.m; sourceTree = "<group>"; };
		5DDBF19A18BF287600C9220A /* flare-tng-3.png */ = {isa = PBXFileReference; lastKnownFileType = image.png; path = "flare-tng-3.png"; sourceTree = "<group>"; };
		5DDBF19C18BF2A0400C9220A /* flare-tng-1.png */ = {isa = PBXFileReference; lastKnownFileType = image.png; path = "flare-tng-1.png"; sourceTree = "<group>"; };
		5DDBF19D18BF2A0400C9220A /* flare-tng-2.png */ = {isa = PBXFileReference; lastKnownFileType = image.png; path = "flare-tng-2.png"; sourceTree = "<group>"; };
		5DDBF19E18BF2A0400C9220A /* flare-tng-4.png */ = {isa = PBXFileReference; lastKnownFileType = image.png; path = "flare-tng-4.png"; sourceTree = "<group>"; };
		5DDBF1BD18BFC1D000C9220A /* GeneralUser_GS_FluidSynth_v1.sf2 */ = {isa = PBXFileReference; lastKnownFileType = file; path = GeneralUser_GS_FluidSynth_v1.sf2; sourceTree = "<group>"; };
		920EF04B18C2B039000BC189 /* SoundRunnerUtil.h */ = {isa = PBXFileReference; fileEncoding = 4; lastKnownFileType = sourcecode.c.h; path = SoundRunnerUtil.h; sourceTree = "<group>"; };
		920EF04C18C2B039000BC189 /* SoundRunnerUtil.m */ = {isa = PBXFileReference; fileEncoding = 4; lastKnownFileType = sourcecode.c.objc; path = SoundRunnerUtil.m; sourceTree = "<group>"; };
		9251D1A918BD638E00FA09DB /* SoundRunner.app */ = {isa = PBXFileReference; explicitFileType = wrapper.application; includeInIndex = 0; path = SoundRunner.app; sourceTree = BUILT_PRODUCTS_DIR; };
		9251D1AC18BD638E00FA09DB /* Foundation.framework */ = {isa = PBXFileReference; lastKnownFileType = wrapper.framework; name = Foundation.framework; path = System/Library/Frameworks/Foundation.framework; sourceTree = SDKROOT; };
		9251D1AE18BD638E00FA09DB /* CoreGraphics.framework */ = {isa = PBXFileReference; lastKnownFileType = wrapper.framework; name = CoreGraphics.framework; path = System/Library/Frameworks/CoreGraphics.framework; sourceTree = SDKROOT; };
		9251D1B018BD638E00FA09DB /* UIKit.framework */ = {isa = PBXFileReference; lastKnownFileType = wrapper.framework; name = UIKit.framework; path = System/Library/Frameworks/UIKit.framework; sourceTree = SDKROOT; };
		9251D1B418BD638E00FA09DB /* SoundRunner-Info.plist */ = {isa = PBXFileReference; lastKnownFileType = text.plist.xml; path = "SoundRunner-Info.plist"; sourceTree = "<group>"; };
		9251D1B618BD638E00FA09DB /* en */ = {isa = PBXFileReference; lastKnownFileType = text.plist.strings; name = en; path = en.lproj/InfoPlist.strings; sourceTree = "<group>"; };
		9251D1B818BD638E00FA09DB /* main.m */ = {isa = PBXFileReference; lastKnownFileType = sourcecode.c.objc; path = main.m; sourceTree = "<group>"; };
		9251D1BA18BD638E00FA09DB /* SoundRunner-Prefix.pch */ = {isa = PBXFileReference; lastKnownFileType = sourcecode.c.h; path = "SoundRunner-Prefix.pch"; sourceTree = "<group>"; };
		9251D1BB18BD638E00FA09DB /* AppDelegate.h */ = {isa = PBXFileReference; lastKnownFileType = sourcecode.c.h; path = AppDelegate.h; sourceTree = "<group>"; };
		9251D1BC18BD638E00FA09DB /* AppDelegate.mm */ = {isa = PBXFileReference; lastKnownFileType = sourcecode.cpp.objcpp; path = AppDelegate.mm; sourceTree = "<group>"; };
		9251D1BF18BD638E00FA09DB /* Base */ = {isa = PBXFileReference; lastKnownFileType = file.storyboard; name = Base; path = Base.lproj/Main_iPhone.storyboard; sourceTree = "<group>"; };
		9251D1C418BD638E00FA09DB /* Images.xcassets */ = {isa = PBXFileReference; lastKnownFileType = folder.assetcatalog; path = Images.xcassets; sourceTree = "<group>"; };
		9251D1CA18BD638E00FA09DB /* SoundRunnerTests.xctest */ = {isa = PBXFileReference; explicitFileType = wrapper.cfbundle; includeInIndex = 0; path = SoundRunnerTests.xctest; sourceTree = BUILT_PRODUCTS_DIR; };
		9251D1CB18BD638E00FA09DB /* XCTest.framework */ = {isa = PBXFileReference; lastKnownFileType = wrapper.framework; name = XCTest.framework; path = Library/Frameworks/XCTest.framework; sourceTree = DEVELOPER_DIR; };
		9251D1D318BD638E00FA09DB /* SoundRunnerTests-Info.plist */ = {isa = PBXFileReference; lastKnownFileType = text.plist.xml; path = "SoundRunnerTests-Info.plist"; sourceTree = "<group>"; };
		9251D1D518BD638E00FA09DB /* en */ = {isa = PBXFileReference; lastKnownFileType = text.plist.strings; name = en; path = en.lproj/InfoPlist.strings; sourceTree = "<group>"; };
		9251D1D718BD638E00FA09DB /* SoundRunnerTests.m */ = {isa = PBXFileReference; lastKnownFileType = sourcecode.c.objc; path = SoundRunnerTests.m; sourceTree = "<group>"; };
		9254820118D823CA007146B0 /* Drummer.h */ = {isa = PBXFileReference; fileEncoding = 4; lastKnownFileType = sourcecode.c.h; name = Drummer.h; path = ../../Drummer.h; sourceTree = "<group>"; };
		9254820218D823CA007146B0 /* Drummer.m */ = {isa = PBXFileReference; fileEncoding = 4; lastKnownFileType = sourcecode.c.objc; name = Drummer.m; path = ../../Drummer.m; sourceTree = "<group>"; };
		92577AEF18CE82C800391E98 /* GCDAsyncSocket.h */ = {isa = PBXFileReference; fileEncoding = 4; lastKnownFileType = sourcecode.c.h; path = GCDAsyncSocket.h; sourceTree = "<group>"; };
		92577AF018CE82C800391E98 /* GCDAsyncSocket.m */ = {isa = PBXFileReference; fileEncoding = 4; lastKnownFileType = sourcecode.c.objc; path = GCDAsyncSocket.m; sourceTree = "<group>"; };
		92577AF118CE82C800391E98 /* GCDAsyncUdpSocket.h */ = {isa = PBXFileReference; fileEncoding = 4; lastKnownFileType = sourcecode.c.h; path = GCDAsyncUdpSocket.h; sourceTree = "<group>"; };
		92577AF218CE82C800391E98 /* GCDAsyncUdpSocket.m */ = {isa = PBXFileReference; fileEncoding = 4; lastKnownFileType = sourcecode.c.objc; path = GCDAsyncUdpSocket.m; sourceTree = "<group>"; };
		92577AF618CE82EF00391E98 /* NetworkManager.h */ = {isa = PBXFileReference; fileEncoding = 4; lastKnownFileType = sourcecode.c.h; name = NetworkManager.h; path = ../../NetworkManager.h; sourceTree = "<group>"; };
		92577AF718CE82EF00391E98 /* NetworkManager.mm */ = {isa = PBXFileReference; fileEncoding = 4; lastKnownFileType = sourcecode.cpp.objcpp; name = NetworkManager.mm; path = ../../NetworkManager.mm; sourceTree = "<group>"; };
		92B953E218D76E3900783356 /* OtherPlayer.h */ = {isa = PBXFileReference; fileEncoding = 4; lastKnownFileType = sourcecode.c.h; name = OtherPlayer.h; path = ../../OtherPlayer.h; sourceTree = "<group>"; };
		92B953E318D76E3900783356 /* OtherPlayer.mm */ = {isa = PBXFileReference; fileEncoding = 4; lastKnownFileType = sourcecode.cpp.objcpp; name = OtherPlayer.mm; path = ../../OtherPlayer.mm; sourceTree = "<group>"; };
		92B953E518D7706B00783356 /* LoginViewController.h */ = {isa = PBXFileReference; fileEncoding = 4; lastKnownFileType = sourcecode.c.h; path = LoginViewController.h; sourceTree = "<group>"; };
		92B953E618D7706B00783356 /* LoginViewController.m */ = {isa = PBXFileReference; fileEncoding = 4; lastKnownFileType = sourcecode.c.objc; path = LoginViewController.m; sourceTree = "<group>"; };
		92BEABB118C6B4EE0032C458 /* flare-tng-5.png */ = {isa = PBXFileReference; lastKnownFileType = image.png; path = "flare-tng-5.png"; sourceTree = "<group>"; };
		92BEABB318C9210C0032C458 /* Scale.h */ = {isa = PBXFileReference; fileEncoding = 4; lastKnownFileType = sourcecode.c.h; path = Scale.h; sourceTree = "<group>"; };
		92BEABB418C9210C0032C458 /* Scale.m */ = {isa = PBXFileReference; fileEncoding = 4; lastKnownFileType = sourcecode.c.objc; path = Scale.m; sourceTree = "<group>"; };
		92BEABB618C9308A0032C458 /* SoundGen.h */ = {isa = PBXFileReference; fileEncoding = 4; lastKnownFileType = sourcecode.c.h; path = SoundGen.h; sourceTree = "<group>"; };
		92BEABB718C9308A0032C458 /* SoundGen.m */ = {isa = PBXFileReference; fileEncoding = 4; lastKnownFileType = sourcecode.c.objc; path = SoundGen.m; sourceTree = "<group>"; };
/* End PBXFileReference section */

/* Begin PBXFrameworksBuildPhase section */
		9251D1A618BD638E00FA09DB /* Frameworks */ = {
			isa = PBXFrameworksBuildPhase;
			buildActionMask = 2147483647;
			files = (
				9251D1AD18BD638E00FA09DB /* Foundation.framework in Frameworks */,
				5D4662E918BECB7D00DA6000 /* AudioToolbox.framework in Frameworks */,
				5D4662E718BECB7000DA6000 /* OpenGLES.framework in Frameworks */,
				5D4662E518BECB6700DA6000 /* GLKit.framework in Frameworks */,
				5D4662E318BECB5E00DA6000 /* CoreMotion.framework in Frameworks */,
				9251D1AF18BD638E00FA09DB /* CoreGraphics.framework in Frameworks */,
				9251D1B118BD638E00FA09DB /* UIKit.framework in Frameworks */,
			);
			runOnlyForDeploymentPostprocessing = 0;
		};
		9251D1C718BD638E00FA09DB /* Frameworks */ = {
			isa = PBXFrameworksBuildPhase;
			buildActionMask = 2147483647;
			files = (
				9251D1CC18BD638E00FA09DB /* XCTest.framework in Frameworks */,
				9251D1CE18BD638E00FA09DB /* UIKit.framework in Frameworks */,
				9251D1CD18BD638E00FA09DB /* Foundation.framework in Frameworks */,
			);
			runOnlyForDeploymentPostprocessing = 0;
		};
/* End PBXFrameworksBuildPhase section */

/* Begin PBXGroup section */
		5D69C65818BED3B9006F0951 /* api */ = {
			isa = PBXGroup;
			children = (
				5D69C65918BED3B9006F0951 /* momu */,
			);
			name = api;
			path = SoundRunner/api;
			sourceTree = "<group>";
		};
		5D69C65918BED3B9006F0951 /* momu */ = {
			isa = PBXGroup;
			children = (
				5D69C65A18BED3B9006F0951 /* mo_audio.h */,
				5D69C65B18BED3B9006F0951 /* mo_audio.mm */,
				5D69C65C18BED3B9006F0951 /* mo_buffer.h */,
				5D69C65D18BED3B9006F0951 /* mo_buffer.mm */,
				5D69C65E18BED3B9006F0951 /* mo_def.h */,
				5D69C65F18BED3B9006F0951 /* mo_fft.h */,
				5D69C66018BED3B9006F0951 /* mo_fft.mm */,
				5D69C66118BED3B9006F0951 /* mo_fun.cpp */,
				5D69C66218BED3B9006F0951 /* mo_fun.h */,
				5D69C66318BED3B9006F0951 /* mo_gfx.h */,
				5D69C66418BED3B9006F0951 /* mo_gfx.mm */,
				5D69C66518BED3B9006F0951 /* mo_glut.cpp */,
				5D69C66618BED3B9006F0951 /* mo_glut.h */,
				5D69C66718BED3B9006F0951 /* mo_thread.h */,
				5D69C66818BED3B9006F0951 /* mo_thread.mm */,
				5D69C66918BED3B9006F0951 /* mo_touch.h */,
				5D69C66A18BED3B9006F0951 /* mo_touch.mm */,
			);
			path = momu;
			sourceTree = "<group>";
		};
		5D69C67318BED3C4006F0951 /* core */ = {
			isa = PBXGroup;
			children = (
				92577AF918CE82FC00391E98 /* Networking */,
				5D2F3B2118C6AB56001E1923 /* Physics.h */,
				5D2F3B2218C6AB56001E1923 /* Physics.mm */,
				9254820118D823CA007146B0 /* Drummer.h */,
				9254820218D823CA007146B0 /* Drummer.m */,
				92B953E218D76E3900783356 /* OtherPlayer.h */,
				92B953E318D76E3900783356 /* OtherPlayer.mm */,
				92BEABB618C9308A0032C458 /* SoundGen.h */,
				92BEABB718C9308A0032C458 /* SoundGen.m */,
				92BEABB318C9210C0032C458 /* Scale.h */,
				92BEABB418C9210C0032C458 /* Scale.m */,
				5D2AC47718C2C1D300847793 /* Scales.h */,
				5D2AC47818C2C1D300847793 /* Scales.mm */,
				5D69C67718BED5BB006F0951 /* Entity.h */,
				5D69C67818BED5BB006F0951 /* Entity.mm */,
				5D69C67B18BEFDCD006F0951 /* Globals.h */,
				5D69C67A18BEFDCD006F0951 /* Globals.mm */,
				5D69C67418BED3C4006F0951 /* renderer.h */,
				5D69C67518BED3C4006F0951 /* renderer.mm */,
			);
			name = core;
			path = SoundRunner/core;
			sourceTree = SOURCE_ROOT;
		};
		5D69C67D18BF061C006F0951 /* data */ = {
			isa = PBXGroup;
			children = (
				5DDBF1BC18BFC1D000C9220A /* soundfonts */,
				5D69C68018BF061C006F0951 /* textures */,
			);
			path = data;
			sourceTree = SOURCE_ROOT;
		};
		5D69C68018BF061C006F0951 /* textures */ = {
			isa = PBXGroup;
			children = (
				92BEABB118C6B4EE0032C458 /* flare-tng-5.png */,
				5D2AC47118C2994500847793 /* flare-tng-1.bw */,
				5D2AC47218C2994500847793 /* flare-tng-2.bw */,
				5D2AC47318C2994500847793 /* flare-tng-3.bw */,
				5D2AC47418C2994500847793 /* flare-tng-4.bw */,
				5DDBF19C18BF2A0400C9220A /* flare-tng-1.png */,
				5DDBF19D18BF2A0400C9220A /* flare-tng-2.png */,
				5DDBF19E18BF2A0400C9220A /* flare-tng-4.png */,
				5DDBF19A18BF287600C9220A /* flare-tng-3.png */,
			);
			name = textures;
			path = texture;
			sourceTree = "<group>";
		};
		5DDBF1BC18BFC1D000C9220A /* soundfonts */ = {
			isa = PBXGroup;
			children = (
				5DDBF1BD18BFC1D000C9220A /* GeneralUser_GS_FluidSynth_v1.sf2 */,
				5D73EA5F18D81EF300E20577 /* GeneralUser_GS_1.43.ins */,
			);
			path = soundfonts;
			sourceTree = "<group>";
		};
		9251D1A018BD638E00FA09DB = {
			isa = PBXGroup;
			children = (
				92577AF518CE82CD00391E98 /* GCDAsyncSocket */,
				5D69C67D18BF061C006F0951 /* data */,
				5D69C65818BED3B9006F0951 /* api */,
				5D69C67318BED3C4006F0951 /* core */,
				9251D1B218BD638E00FA09DB /* SoundRunner */,
				9251D1D118BD638E00FA09DB /* SoundRunnerTests */,
				9251D1AB18BD638E00FA09DB /* Frameworks */,
				9251D1AA18BD638E00FA09DB /* Products */,
			);
			sourceTree = "<group>";
		};
		9251D1AA18BD638E00FA09DB /* Products */ = {
			isa = PBXGroup;
			children = (
				9251D1A918BD638E00FA09DB /* SoundRunner.app */,
				9251D1CA18BD638E00FA09DB /* SoundRunnerTests.xctest */,
			);
			name = Products;
			sourceTree = "<group>";
		};
		9251D1AB18BD638E00FA09DB /* Frameworks */ = {
			isa = PBXGroup;
			children = (
				5D4662E818BECB7D00DA6000 /* AudioToolbox.framework */,
				5D4662E618BECB7000DA6000 /* OpenGLES.framework */,
				5D4662E418BECB6700DA6000 /* GLKit.framework */,
				5D4662E218BECB5E00DA6000 /* CoreMotion.framework */,
				9251D1AC18BD638E00FA09DB /* Foundation.framework */,
				9251D1AE18BD638E00FA09DB /* CoreGraphics.framework */,
				9251D1B018BD638E00FA09DB /* UIKit.framework */,
				9251D1CB18BD638E00FA09DB /* XCTest.framework */,
			);
			name = Frameworks;
			sourceTree = "<group>";
		};
		9251D1B218BD638E00FA09DB /* SoundRunner */ = {
			isa = PBXGroup;
			children = (
				9251D1BE18BD638E00FA09DB /* Main_iPhone.storyboard */,
				9251D1BB18BD638E00FA09DB /* AppDelegate.h */,
				9251D1BC18BD638E00FA09DB /* AppDelegate.mm */,
				920EF04B18C2B039000BC189 /* SoundRunnerUtil.h */,
				920EF04C18C2B039000BC189 /* SoundRunnerUtil.m */,
				92B953E518D7706B00783356 /* LoginViewController.h */,
				92B953E618D7706B00783356 /* LoginViewController.m */,
				5D4662EA18BECC4000DA6000 /* RunnerViewController.h */,
				5D4662EB18BECC4000DA6000 /* RunnerViewController.mm */,
				5D4662ED18BECD0B00DA6000 /* SettingsViewController.h */,
				5D4662EE18BECD0B00DA6000 /* SettingsViewController.mm */,
				5D73EA6418D8242B00E20577 /* AllSounds.h */,
				5D73EA6518D8242B00E20577 /* AllSounds.m */,
				5D73EA6118D823B700E20577 /* Instrument.h */,
				5D73EA6218D823B700E20577 /* Instrument.m */,
				9251D1C418BD638E00FA09DB /* Images.xcassets */,
				9251D1B318BD638E00FA09DB /* Supporting Files */,
			);
			path = SoundRunner;
			sourceTree = "<group>";
		};
		9251D1B318BD638E00FA09DB /* Supporting Files */ = {
			isa = PBXGroup;
			children = (
				9251D1B418BD638E00FA09DB /* SoundRunner-Info.plist */,
				9251D1B518BD638E00FA09DB /* InfoPlist.strings */,
				9251D1B818BD638E00FA09DB /* main.m */,
				9251D1BA18BD638E00FA09DB /* SoundRunner-Prefix.pch */,
			);
			name = "Supporting Files";
			sourceTree = "<group>";
		};
		9251D1D118BD638E00FA09DB /* SoundRunnerTests */ = {
			isa = PBXGroup;
			children = (
				9251D1D718BD638E00FA09DB /* SoundRunnerTests.m */,
				9251D1D218BD638E00FA09DB /* Supporting Files */,
			);
			path = SoundRunnerTests;
			sourceTree = "<group>";
		};
		9251D1D218BD638E00FA09DB /* Supporting Files */ = {
			isa = PBXGroup;
			children = (
				9251D1D318BD638E00FA09DB /* SoundRunnerTests-Info.plist */,
				9251D1D418BD638E00FA09DB /* InfoPlist.strings */,
			);
			name = "Supporting Files";
			sourceTree = "<group>";
		};
		92577AF518CE82CD00391E98 /* GCDAsyncSocket */ = {
			isa = PBXGroup;
			children = (
				92577AEF18CE82C800391E98 /* GCDAsyncSocket.h */,
				92577AF018CE82C800391E98 /* GCDAsyncSocket.m */,
				92577AF118CE82C800391E98 /* GCDAsyncUdpSocket.h */,
				92577AF218CE82C800391E98 /* GCDAsyncUdpSocket.m */,
			);
			name = GCDAsyncSocket;
			sourceTree = "<group>";
		};
		92577AF918CE82FC00391E98 /* Networking */ = {
			isa = PBXGroup;
			children = (
				92577AF618CE82EF00391E98 /* NetworkManager.h */,
				92577AF718CE82EF00391E98 /* NetworkManager.mm */,
			);
			name = Networking;
			sourceTree = "<group>";
		};
/* End PBXGroup section */

/* Begin PBXNativeTarget section */
		9251D1A818BD638E00FA09DB /* SoundRunner */ = {
			isa = PBXNativeTarget;
			buildConfigurationList = 9251D1DB18BD638E00FA09DB /* Build configuration list for PBXNativeTarget "SoundRunner" */;
			buildPhases = (
				9251D1A518BD638E00FA09DB /* Sources */,
				9251D1A618BD638E00FA09DB /* Frameworks */,
				9251D1A718BD638E00FA09DB /* Resources */,
			);
			buildRules = (
			);
			dependencies = (
			);
			name = SoundRunner;
			productName = SoundRunner;
			productReference = 9251D1A918BD638E00FA09DB /* SoundRunner.app */;
			productType = "com.apple.product-type.application";
		};
		9251D1C918BD638E00FA09DB /* SoundRunnerTests */ = {
			isa = PBXNativeTarget;
			buildConfigurationList = 9251D1DE18BD638E00FA09DB /* Build configuration list for PBXNativeTarget "SoundRunnerTests" */;
			buildPhases = (
				9251D1C618BD638E00FA09DB /* Sources */,
				9251D1C718BD638E00FA09DB /* Frameworks */,
				9251D1C818BD638E00FA09DB /* Resources */,
			);
			buildRules = (
			);
			dependencies = (
				9251D1D018BD638E00FA09DB /* PBXTargetDependency */,
			);
			name = SoundRunnerTests;
			productName = SoundRunnerTests;
			productReference = 9251D1CA18BD638E00FA09DB /* SoundRunnerTests.xctest */;
			productType = "com.apple.product-type.bundle.unit-test";
		};
/* End PBXNativeTarget section */

/* Begin PBXProject section */
		9251D1A118BD638E00FA09DB /* Project object */ = {
			isa = PBXProject;
			attributes = {
				LastUpgradeCheck = 0500;
				ORGANIZATIONNAME = "Zachary Waleed Saraf";
				TargetAttributes = {
					9251D1A818BD638E00FA09DB = {
						DevelopmentTeam = 7NX6YPQXT3;
					};
					9251D1C918BD638E00FA09DB = {
						TestTargetID = 9251D1A818BD638E00FA09DB;
					};
				};
			};
			buildConfigurationList = 9251D1A418BD638E00FA09DB /* Build configuration list for PBXProject "SoundRunner" */;
			compatibilityVersion = "Xcode 3.2";
			developmentRegion = English;
			hasScannedForEncodings = 0;
			knownRegions = (
				en,
				Base,
			);
			mainGroup = 9251D1A018BD638E00FA09DB;
			productRefGroup = 9251D1AA18BD638E00FA09DB /* Products */;
			projectDirPath = "";
			projectRoot = "";
			targets = (
				9251D1A818BD638E00FA09DB /* SoundRunner */,
				9251D1C918BD638E00FA09DB /* SoundRunnerTests */,
			);
		};
/* End PBXProject section */

/* Begin PBXResourcesBuildPhase section */
		9251D1A718BD638E00FA09DB /* Resources */ = {
			isa = PBXResourcesBuildPhase;
			buildActionMask = 2147483647;
			files = (
				92BEABB218C6B4EE0032C458 /* flare-tng-5.png in Resources */,
				9251D1C518BD638E00FA09DB /* Images.xcassets in Resources */,
				5DDBF1A118BF2A0400C9220A /* flare-tng-4.png in Resources */,
				9251D1B718BD638E00FA09DB /* InfoPlist.strings in Resources */,
				5DDBF19F18BF2A0400C9220A /* flare-tng-1.png in Resources */,
				5DDBF1A018BF2A0400C9220A /* flare-tng-2.png in Resources */,
				5DDBF19B18BF287600C9220A /* flare-tng-3.png in Resources */,
				9251D1C018BD638E00FA09DB /* Main_iPhone.storyboard in Resources */,
				5D73EA6018D81EF300E20577 /* GeneralUser_GS_1.43.ins in Resources */,
				5DDBF1BE18BFC1D000C9220A /* GeneralUser_GS_FluidSynth_v1.sf2 in Resources */,
			);
			runOnlyForDeploymentPostprocessing = 0;
		};
		9251D1C818BD638E00FA09DB /* Resources */ = {
			isa = PBXResourcesBuildPhase;
			buildActionMask = 2147483647;
			files = (
				9251D1D618BD638E00FA09DB /* InfoPlist.strings in Resources */,
			);
			runOnlyForDeploymentPostprocessing = 0;
		};
/* End PBXResourcesBuildPhase section */

/* Begin PBXSourcesBuildPhase section */
		9251D1A518BD638E00FA09DB /* Sources */ = {
			isa = PBXSourcesBuildPhase;
			buildActionMask = 2147483647;
			files = (
				5D73EA6618D8242B00E20577 /* AllSounds.m in Sources */,
				924BC0F018D7ADB10090513A /* LoginViewController.m in Sources */,
				924BC0EF18D7AD810090513A /* OtherPlayer.mm in Sources */,
				9251D1BD18BD638E00FA09DB /* AppDelegate.mm in Sources */,
				5D4662EF18BECD0B00DA6000 /* SettingsViewController.mm in Sources */,
				9254820318D823CA007146B0 /* Drummer.m in Sources */,
				5D69C66F18BED3B9006F0951 /* mo_gfx.mm in Sources */,
				92BEABB818C9308A0032C458 /* SoundGen.m in Sources */,
				920EF04D18C2B039000BC189 /* SoundRunnerUtil.m in Sources */,
				5D69C67C18BEFDCD006F0951 /* Globals.mm in Sources */,
				92577AF418CE82C800391E98 /* GCDAsyncUdpSocket.m in Sources */,
				5D2F3B2318C6AB56001E1923 /* Physics.mm in Sources */,
				5D4662EC18BECC4000DA6000 /* RunnerViewController.mm in Sources */,
				5D69C66B18BED3B9006F0951 /* mo_audio.mm in Sources */,
				92577AF818CE82EF00391E98 /* NetworkManager.mm in Sources */,
				5D69C66D18BED3B9006F0951 /* mo_fft.mm in Sources */,
				92577AF318CE82C800391E98 /* GCDAsyncSocket.m in Sources */,
				92BEABB518C9210C0032C458 /* Scale.m in Sources */,
				9251D1B918BD638E00FA09DB /* main.m in Sources */,
				5D69C67018BED3B9006F0951 /* mo_glut.cpp in Sources */,
				5D69C67118BED3B9006F0951 /* mo_thread.mm in Sources */,
				5D69C67218BED3B9006F0951 /* mo_touch.mm in Sources */,
				5D73EA6318D823B700E20577 /* Instrument.m in Sources */,
				5D69C67918BED5BB006F0951 /* Entity.mm in Sources */,
				5D69C66C18BED3B9006F0951 /* mo_buffer.mm in Sources */,
				5D69C67618BED3C4006F0951 /* renderer.mm in Sources */,
				5D69C66E18BED3B9006F0951 /* mo_fun.cpp in Sources */,
				5D2AC47918C2C1D300847793 /* Scales.mm in Sources */,
			);
			runOnlyForDeploymentPostprocessing = 0;
		};
		9251D1C618BD638E00FA09DB /* Sources */ = {
			isa = PBXSourcesBuildPhase;
			buildActionMask = 2147483647;
			files = (
				9251D1D818BD638E00FA09DB /* SoundRunnerTests.m in Sources */,
			);
			runOnlyForDeploymentPostprocessing = 0;
		};
/* End PBXSourcesBuildPhase section */

/* Begin PBXTargetDependency section */
		9251D1D018BD638E00FA09DB /* PBXTargetDependency */ = {
			isa = PBXTargetDependency;
			target = 9251D1A818BD638E00FA09DB /* SoundRunner */;
			targetProxy = 9251D1CF18BD638E00FA09DB /* PBXContainerItemProxy */;
		};
/* End PBXTargetDependency section */

/* Begin PBXVariantGroup section */
		9251D1B518BD638E00FA09DB /* InfoPlist.strings */ = {
			isa = PBXVariantGroup;
			children = (
				9251D1B618BD638E00FA09DB /* en */,
			);
			name = InfoPlist.strings;
			sourceTree = "<group>";
		};
		9251D1BE18BD638E00FA09DB /* Main_iPhone.storyboard */ = {
			isa = PBXVariantGroup;
			children = (
				9251D1BF18BD638E00FA09DB /* Base */,
			);
			name = Main_iPhone.storyboard;
			sourceTree = "<group>";
		};
		9251D1D418BD638E00FA09DB /* InfoPlist.strings */ = {
			isa = PBXVariantGroup;
			children = (
				9251D1D518BD638E00FA09DB /* en */,
			);
			name = InfoPlist.strings;
			sourceTree = "<group>";
		};
/* End PBXVariantGroup section */

/* Begin XCBuildConfiguration section */
		9251D1D918BD638E00FA09DB /* Debug */ = {
			isa = XCBuildConfiguration;
			buildSettings = {
				ALWAYS_SEARCH_USER_PATHS = NO;
				ARCHS = "$(ARCHS_STANDARD_INCLUDING_64_BIT)";
				CLANG_CXX_LANGUAGE_STANDARD = "gnu++0x";
				CLANG_CXX_LIBRARY = "libc++";
				CLANG_ENABLE_MODULES = YES;
				CLANG_ENABLE_OBJC_ARC = YES;
				CLANG_WARN_BOOL_CONVERSION = YES;
				CLANG_WARN_CONSTANT_CONVERSION = YES;
				CLANG_WARN_DIRECT_OBJC_ISA_USAGE = YES_ERROR;
				CLANG_WARN_EMPTY_BODY = YES;
				CLANG_WARN_ENUM_CONVERSION = YES;
				CLANG_WARN_INT_CONVERSION = YES;
				CLANG_WARN_OBJC_ROOT_CLASS = YES_ERROR;
				CLANG_WARN__DUPLICATE_METHOD_MATCH = YES;
				"CODE_SIGN_IDENTITY[sdk=iphoneos*]" = "iPhone Developer";
				COPY_PHASE_STRIP = NO;
				GCC_C_LANGUAGE_STANDARD = gnu99;
				GCC_DYNAMIC_NO_PIC = NO;
				GCC_OPTIMIZATION_LEVEL = 0;
				GCC_PREPROCESSOR_DEFINITIONS = (
					"DEBUG=1",
					"$(inherited)",
				);
				GCC_SYMBOLS_PRIVATE_EXTERN = NO;
				GCC_WARN_64_TO_32_BIT_CONVERSION = YES;
				GCC_WARN_ABOUT_RETURN_TYPE = YES_ERROR;
				GCC_WARN_UNDECLARED_SELECTOR = YES;
				GCC_WARN_UNINITIALIZED_AUTOS = YES;
				GCC_WARN_UNUSED_FUNCTION = YES;
				GCC_WARN_UNUSED_VARIABLE = YES;
				IPHONEOS_DEPLOYMENT_TARGET = 7.0;
				ONLY_ACTIVE_ARCH = YES;
				SDKROOT = iphoneos;
			};
			name = Debug;
		};
		9251D1DA18BD638E00FA09DB /* Release */ = {
			isa = XCBuildConfiguration;
			buildSettings = {
				ALWAYS_SEARCH_USER_PATHS = NO;
				ARCHS = "$(ARCHS_STANDARD_INCLUDING_64_BIT)";
				CLANG_CXX_LANGUAGE_STANDARD = "gnu++0x";
				CLANG_CXX_LIBRARY = "libc++";
				CLANG_ENABLE_MODULES = YES;
				CLANG_ENABLE_OBJC_ARC = YES;
				CLANG_WARN_BOOL_CONVERSION = YES;
				CLANG_WARN_CONSTANT_CONVERSION = YES;
				CLANG_WARN_DIRECT_OBJC_ISA_USAGE = YES_ERROR;
				CLANG_WARN_EMPTY_BODY = YES;
				CLANG_WARN_ENUM_CONVERSION = YES;
				CLANG_WARN_INT_CONVERSION = YES;
				CLANG_WARN_OBJC_ROOT_CLASS = YES_ERROR;
				CLANG_WARN__DUPLICATE_METHOD_MATCH = YES;
				"CODE_SIGN_IDENTITY[sdk=iphoneos*]" = "iPhone Developer";
				COPY_PHASE_STRIP = YES;
				ENABLE_NS_ASSERTIONS = NO;
				GCC_C_LANGUAGE_STANDARD = gnu99;
				GCC_WARN_64_TO_32_BIT_CONVERSION = YES;
				GCC_WARN_ABOUT_RETURN_TYPE = YES_ERROR;
				GCC_WARN_UNDECLARED_SELECTOR = YES;
				GCC_WARN_UNINITIALIZED_AUTOS = YES;
				GCC_WARN_UNUSED_FUNCTION = YES;
				GCC_WARN_UNUSED_VARIABLE = YES;
				IPHONEOS_DEPLOYMENT_TARGET = 7.0;
				SDKROOT = iphoneos;
				VALIDATE_PRODUCT = YES;
			};
			name = Release;
		};
		9251D1DC18BD638E00FA09DB /* Debug */ = {
			isa = XCBuildConfiguration;
			buildSettings = {
				ARCHS = armv7;
				ASSETCATALOG_COMPILER_APPICON_NAME = AppIcon;
				ASSETCATALOG_COMPILER_LAUNCHIMAGE_NAME = LaunchImage;
				CODE_SIGN_IDENTITY = "iPhone Developer";
				"CODE_SIGN_IDENTITY[sdk=iphoneos*]" = "iPhone Developer";
				GCC_PRECOMPILE_PREFIX_HEADER = YES;
				GCC_PREFIX_HEADER = "SoundRunner/SoundRunner-Prefix.pch";
				INFOPLIST_FILE = "SoundRunner/SoundRunner-Info.plist";
				IPHONEOS_DEPLOYMENT_TARGET = 6.0;
				LIBRARY_SEARCH_PATHS = "$(inherited)";
				"LIBRARY_SEARCH_PATHS[arch=*]" = "$(inherited)";
				ONLY_ACTIVE_ARCH = YES;
				PRODUCT_NAME = "$(TARGET_NAME)";
				PROVISIONING_PROFILE = "";
				VALID_ARCHS = "arm64 armv7 armv7s";
				WRAPPER_EXTENSION = app;
			};
			name = Debug;
		};
		9251D1DD18BD638E00FA09DB /* Release */ = {
			isa = XCBuildConfiguration;
			buildSettings = {
				ARCHS = armv7;
				ASSETCATALOG_COMPILER_APPICON_NAME = AppIcon;
				ASSETCATALOG_COMPILER_LAUNCHIMAGE_NAME = LaunchImage;
				CODE_SIGN_IDENTITY = "iPhone Developer";
				"CODE_SIGN_IDENTITY[sdk=iphoneos*]" = "iPhone Developer";
				GCC_PRECOMPILE_PREFIX_HEADER = YES;
				GCC_PREFIX_HEADER = "SoundRunner/SoundRunner-Prefix.pch";
				INFOPLIST_FILE = "SoundRunner/SoundRunner-Info.plist";
				IPHONEOS_DEPLOYMENT_TARGET = 6.0;
				LIBRARY_SEARCH_PATHS = "$(inherited)";
				ONLY_ACTIVE_ARCH = NO;
				PRODUCT_NAME = "$(TARGET_NAME)";
				PROVISIONING_PROFILE = "";
				VALID_ARCHS = "arm64 armv7 armv7s";
				WRAPPER_EXTENSION = app;
			};
			name = Release;
		};
		9251D1DF18BD638E00FA09DB /* Debug */ = {
			isa = XCBuildConfiguration;
			buildSettings = {
				ARCHS = "$(ARCHS_STANDARD_INCLUDING_64_BIT)";
				BUNDLE_LOADER = "$(BUILT_PRODUCTS_DIR)/SoundRunner.app/SoundRunner";
				FRAMEWORK_SEARCH_PATHS = (
					"$(SDKROOT)/Developer/Library/Frameworks",
					"$(inherited)",
					"$(DEVELOPER_FRAMEWORKS_DIR)",
				);
				GCC_PRECOMPILE_PREFIX_HEADER = YES;
				GCC_PREFIX_HEADER = "SoundRunner/SoundRunner-Prefix.pch";
				GCC_PREPROCESSOR_DEFINITIONS = (
					"DEBUG=1",
					"$(inherited)",
				);
				INFOPLIST_FILE = "SoundRunnerTests/SoundRunnerTests-Info.plist";
				PRODUCT_NAME = "$(TARGET_NAME)";
				TEST_HOST = "$(BUNDLE_LOADER)";
				WRAPPER_EXTENSION = xctest;
			};
			name = Debug;
		};
		9251D1E018BD638E00FA09DB /* Release */ = {
			isa = XCBuildConfiguration;
			buildSettings = {
				ARCHS = "$(ARCHS_STANDARD_INCLUDING_64_BIT)";
				BUNDLE_LOADER = "$(BUILT_PRODUCTS_DIR)/SoundRunner.app/SoundRunner";
				FRAMEWORK_SEARCH_PATHS = (
					"$(SDKROOT)/Developer/Library/Frameworks",
					"$(inherited)",
					"$(DEVELOPER_FRAMEWORKS_DIR)",
				);
				GCC_PRECOMPILE_PREFIX_HEADER = YES;
				GCC_PREFIX_HEADER = "SoundRunner/SoundRunner-Prefix.pch";
				INFOPLIST_FILE = "SoundRunnerTests/SoundRunnerTests-Info.plist";
				PRODUCT_NAME = "$(TARGET_NAME)";
				TEST_HOST = "$(BUNDLE_LOADER)";
				WRAPPER_EXTENSION = xctest;
			};
			name = Release;
		};
/* End XCBuildConfiguration section */

/* Begin XCConfigurationList section */
		9251D1A418BD638E00FA09DB /* Build configuration list for PBXProject "SoundRunner" */ = {
			isa = XCConfigurationList;
			buildConfigurations = (
				9251D1D918BD638E00FA09DB /* Debug */,
				9251D1DA18BD638E00FA09DB /* Release */,
			);
			defaultConfigurationIsVisible = 0;
			defaultConfigurationName = Release;
		};
		9251D1DB18BD638E00FA09DB /* Build configuration list for PBXNativeTarget "SoundRunner" */ = {
			isa = XCConfigurationList;
			buildConfigurations = (
				9251D1DC18BD638E00FA09DB /* Debug */,
				9251D1DD18BD638E00FA09DB /* Release */,
			);
			defaultConfigurationIsVisible = 0;
			defaultConfigurationName = Release;
		};
		9251D1DE18BD638E00FA09DB /* Build configuration list for PBXNativeTarget "SoundRunnerTests" */ = {
			isa = XCConfigurationList;
			buildConfigurations = (
				9251D1DF18BD638E00FA09DB /* Debug */,
				9251D1E018BD638E00FA09DB /* Release */,
			);
			defaultConfigurationIsVisible = 0;
			defaultConfigurationName = Release;
		};
/* End XCConfigurationList section */
	};
	rootObject = 9251D1A118BD638E00FA09DB /* Project object */;
}
